// !$*UTF8*$!
{
	archiveVersion = 1;
	classes = {
	};
	objectVersion = 46;
	objects = {

/* Begin PBXBuildFile section */
		D2F1FBAB181BDFD100CF0398 /* Foundation.framework in Frameworks */ = {isa = PBXBuildFile; fileRef = D2F1FBAA181BDFD100CF0398 /* Foundation.framework */; };
		D2F1FBAD181BDFD100CF0398 /* CoreGraphics.framework in Frameworks */ = {isa = PBXBuildFile; fileRef = D2F1FBAC181BDFD100CF0398 /* CoreGraphics.framework */; };
		D2F1FBAF181BDFD100CF0398 /* UIKit.framework in Frameworks */ = {isa = PBXBuildFile; fileRef = D2F1FBAE181BDFD100CF0398 /* UIKit.framework */; };
		D2F1FBB5181BDFD100CF0398 /* InfoPlist.strings in Resources */ = {isa = PBXBuildFile; fileRef = D2F1FBB3181BDFD100CF0398 /* InfoPlist.strings */; };
		D2F1FBB7181BDFD100CF0398 /* main.m in Sources */ = {isa = PBXBuildFile; fileRef = D2F1FBB6181BDFD100CF0398 /* main.m */; };
		D2F1FBBB181BDFD100CF0398 /* ISAppDelegate.m in Sources */ = {isa = PBXBuildFile; fileRef = D2F1FBBA181BDFD100CF0398 /* ISAppDelegate.m */; };
		D2F1FBBE181BDFD100CF0398 /* Main_iPhone.storyboard in Resources */ = {isa = PBXBuildFile; fileRef = D2F1FBBC181BDFD100CF0398 /* Main_iPhone.storyboard */; };
		D2F1FBC1181BDFD100CF0398 /* Main_iPad.storyboard in Resources */ = {isa = PBXBuildFile; fileRef = D2F1FBBF181BDFD100CF0398 /* Main_iPad.storyboard */; };
		D2F1FBC4181BDFD100CF0398 /* ISViewController.m in Sources */ = {isa = PBXBuildFile; fileRef = D2F1FBC3181BDFD100CF0398 /* ISViewController.m */; };
		D2F1FBC6181BDFD100CF0398 /* Images.xcassets in Resources */ = {isa = PBXBuildFile; fileRef = D2F1FBC5181BDFD100CF0398 /* Images.xcassets */; };
		D2F1FBCD181BDFD100CF0398 /* XCTest.framework in Frameworks */ = {isa = PBXBuildFile; fileRef = D2F1FBCC181BDFD100CF0398 /* XCTest.framework */; };
		D2F1FBCE181BDFD100CF0398 /* Foundation.framework in Frameworks */ = {isa = PBXBuildFile; fileRef = D2F1FBAA181BDFD100CF0398 /* Foundation.framework */; };
		D2F1FBCF181BDFD100CF0398 /* UIKit.framework in Frameworks */ = {isa = PBXBuildFile; fileRef = D2F1FBAE181BDFD100CF0398 /* UIKit.framework */; };
		D2F1FBD7181BDFD100CF0398 /* InfoPlist.strings in Resources */ = {isa = PBXBuildFile; fileRef = D2F1FBD5181BDFD100CF0398 /* InfoPlist.strings */; };
		D2F1FBD9181BDFD100CF0398 /* ImageSlicerTests.m in Sources */ = {isa = PBXBuildFile; fileRef = D2F1FBD8181BDFD100CF0398 /* ImageSlicerTests.m */; };
/* End PBXBuildFile section */

/* Begin PBXContainerItemProxy section */
		D2F1FBD0181BDFD100CF0398 /* PBXContainerItemProxy */ = {
			isa = PBXContainerItemProxy;
			containerPortal = D2F1FB9F181BDFD100CF0398 /* Project object */;
			proxyType = 1;
			remoteGlobalIDString = D2F1FBA6181BDFD100CF0398;
			remoteInfo = ImageSlicer;
		};
/* End PBXContainerItemProxy section */

/* Begin PBXFileReference section */
		D2F1FBA7181BDFD100CF0398 /* ImageSlicer.app */ = {isa = PBXFileReference; explicitFileType = wrapper.application; includeInIndex = 0; path = ImageSlicer.app; sourceTree = BUILT_PRODUCTS_DIR; };
		D2F1FBAA181BDFD100CF0398 /* Foundation.framework */ = {isa = PBXFileReference; lastKnownFileType = wrapper.framework; name = Foundation.framework; path = System/Library/Frameworks/Foundation.framework; sourceTree = SDKROOT; };
		D2F1FBAC181BDFD100CF0398 /* CoreGraphics.framework */ = {isa = PBXFileReference; lastKnownFileType = wrapper.framework; name = CoreGraphics.framework; path = System/Library/Frameworks/CoreGraphics.framework; sourceTree = SDKROOT; };
		D2F1FBAE181BDFD100CF0398 /* UIKit.framework */ = {isa = PBXFileReference; lastKnownFileType = wrapper.framework; name = UIKit.framework; path = System/Library/Frameworks/UIKit.framework; sourceTree = SDKROOT; };
		D2F1FBB2181BDFD100CF0398 /* ImageSlicer-Info.plist */ = {isa = PBXFileReference; lastKnownFileType = text.plist.xml; path = "ImageSlicer-Info.plist"; sourceTree = "<group>"; };
		D2F1FBB4181BDFD100CF0398 /* en */ = {isa = PBXFileReference; lastKnownFileType = text.plist.strings; name = en; path = en.lproj/InfoPlist.strings; sourceTree = "<group>"; };
		D2F1FBB6181BDFD100CF0398 /* main.m */ = {isa = PBXFileReference; lastKnownFileType = sourcecode.c.objc; path = main.m; sourceTree = "<group>"; };
		D2F1FBB8181BDFD100CF0398 /* ImageSlicer-Prefix.pch */ = {isa = PBXFileReference; lastKnownFileType = sourcecode.c.h; path = "ImageSlicer-Prefix.pch"; sourceTree = "<group>"; };
		D2F1FBB9181BDFD100CF0398 /* ISAppDelegate.h */ = {isa = PBXFileReference; lastKnownFileType = sourcecode.c.h; path = ISAppDelegate.h; sourceTree = "<group>"; };
		D2F1FBBA181BDFD100CF0398 /* ISAppDelegate.m */ = {isa = PBXFileReference; lastKnownFileType = sourcecode.c.objc; path = ISAppDelegate.m; sourceTree = "<group>"; };
		D2F1FBBD181BDFD100CF0398 /* Base */ = {isa = PBXFileReference; lastKnownFileType = file.storyboard; name = Base; path = Base.lproj/Main_iPhone.storyboard; sourceTree = "<group>"; };
		D2F1FBC0181BDFD100CF0398 /* Base */ = {isa = PBXFileReference; lastKnownFileType = file.storyboard; name = Base; path = Base.lproj/Main_iPad.storyboard; sourceTree = "<group>"; };
		D2F1FBC2181BDFD100CF0398 /* ISViewController.h */ = {isa = PBXFileReference; lastKnownFileType = sourcecode.c.h; path = ISViewController.h; sourceTree = "<group>"; };
		D2F1FBC3181BDFD100CF0398 /* ISViewController.m */ = {isa = PBXFileReference; lastKnownFileType = sourcecode.c.objc; path = ISViewController.m; sourceTree = "<group>"; };
		D2F1FBC5181BDFD100CF0398 /* Images.xcassets */ = {isa = PBXFileReference; lastKnownFileType = folder.assetcatalog; path = Images.xcassets; sourceTree = "<group>"; };
		D2F1FBCB181BDFD100CF0398 /* ImageSlicerTests.xctest */ = {isa = PBXFileReference; explicitFileType = wrapper.cfbundle; includeInIndex = 0; path = ImageSlicerTests.xctest; sourceTree = BUILT_PRODUCTS_DIR; };
		D2F1FBCC181BDFD100CF0398 /* XCTest.framework */ = {isa = PBXFileReference; lastKnownFileType = wrapper.framework; name = XCTest.framework; path = Library/Frameworks/XCTest.framework; sourceTree = DEVELOPER_DIR; };
		D2F1FBD4181BDFD100CF0398 /* ImageSlicerTests-Info.plist */ = {isa = PBXFileReference; lastKnownFileType = text.plist.xml; path = "ImageSlicerTests-Info.plist"; sourceTree = "<group>"; };
		D2F1FBD6181BDFD100CF0398 /* en */ = {isa = PBXFileReference; lastKnownFileType = text.plist.strings; name = en; path = en.lproj/InfoPlist.strings; sourceTree = "<group>"; };
		D2F1FBD8181BDFD100CF0398 /* ImageSlicerTests.m */ = {isa = PBXFileReference; lastKnownFileType = sourcecode.c.objc; path = ImageSlicerTests.m; sourceTree = "<group>"; };
/* End PBXFileReference section */

/* Begin PBXFrameworksBuildPhase section */
		D2F1FBA4181BDFD100CF0398 /* Frameworks */ = {
			isa = PBXFrameworksBuildPhase;
			buildActionMask = 2147483647;
			files = (
				D2F1FBAD181BDFD100CF0398 /* CoreGraphics.framework in Frameworks */,
				D2F1FBAF181BDFD100CF0398 /* UIKit.framework in Frameworks */,
				D2F1FBAB181BDFD100CF0398 /* Foundation.framework in Frameworks */,
			);
			runOnlyForDeploymentPostprocessing = 0;
		};
		D2F1FBC8181BDFD100CF0398 /* Frameworks */ = {
			isa = PBXFrameworksBuildPhase;
			buildActionMask = 2147483647;
			files = (
				D2F1FBCD181BDFD100CF0398 /* XCTest.framework in Frameworks */,
				D2F1FBCF181BDFD100CF0398 /* UIKit.framework in Frameworks */,
				D2F1FBCE181BDFD100CF0398 /* Foundation.framework in Frameworks */,
			);
			runOnlyForDeploymentPostprocessing = 0;
		};
/* End PBXFrameworksBuildPhase section */

/* Begin PBXGroup section */
		D2F1FB9E181BDFD100CF0398 = {
			isa = PBXGroup;
			children = (
				D2F1FBB0181BDFD100CF0398 /* ImageSlicer */,
				D2F1FBD2181BDFD100CF0398 /* ImageSlicerTests */,
				D2F1FBA9181BDFD100CF0398 /* Frameworks */,
				D2F1FBA8181BDFD100CF0398 /* Products */,
			);
			sourceTree = "<group>";
		};
		D2F1FBA8181BDFD100CF0398 /* Products */ = {
			isa = PBXGroup;
			children = (
				D2F1FBA7181BDFD100CF0398 /* ImageSlicer.app */,
				D2F1FBCB181BDFD100CF0398 /* ImageSlicerTests.xctest */,
			);
			name = Products;
			sourceTree = "<group>";
		};
		D2F1FBA9181BDFD100CF0398 /* Frameworks */ = {
			isa = PBXGroup;
			children = (
				D2F1FBAA181BDFD100CF0398 /* Foundation.framework */,
				D2F1FBAC181BDFD100CF0398 /* CoreGraphics.framework */,
				D2F1FBAE181BDFD100CF0398 /* UIKit.framework */,
				D2F1FBCC181BDFD100CF0398 /* XCTest.framework */,
			);
			name = Frameworks;
			sourceTree = "<group>";
		};
		D2F1FBB0181BDFD100CF0398 /* ImageSlicer */ = {
			isa = PBXGroup;
			children = (
				D2F1FBB9181BDFD100CF0398 /* ISAppDelegate.h */,
				D2F1FBBA181BDFD100CF0398 /* ISAppDelegate.m */,
				D2F1FBBC181BDFD100CF0398 /* Main_iPhone.storyboard */,
				D2F1FBBF181BDFD100CF0398 /* Main_iPad.storyboard */,
				D2F1FBC2181BDFD100CF0398 /* ISViewController.h */,
				D2F1FBC3181BDFD100CF0398 /* ISViewController.m */,
				D2F1FBC5181BDFD100CF0398 /* Images.xcassets */,
				D2F1FBB1181BDFD100CF0398 /* Supporting Files */,
			);
			path = ImageSlicer;
			sourceTree = "<group>";
		};
		D2F1FBB1181BDFD100CF0398 /* Supporting Files */ = {
			isa = PBXGroup;
			children = (
				D2F1FBB2181BDFD100CF0398 /* ImageSlicer-Info.plist */,
				D2F1FBB3181BDFD100CF0398 /* InfoPlist.strings */,
				D2F1FBB6181BDFD100CF0398 /* main.m */,
				D2F1FBB8181BDFD100CF0398 /* ImageSlicer-Prefix.pch */,
			);
			name = "Supporting Files";
			sourceTree = "<group>";
		};
		D2F1FBD2181BDFD100CF0398 /* ImageSlicerTests */ = {
			isa = PBXGroup;
			children = (
				D2F1FBD8181BDFD100CF0398 /* ImageSlicerTests.m */,
				D2F1FBD3181BDFD100CF0398 /* Supporting Files */,
			);
			path = ImageSlicerTests;
			sourceTree = "<group>";
		};
		D2F1FBD3181BDFD100CF0398 /* Supporting Files */ = {
			isa = PBXGroup;
			children = (
				D2F1FBD4181BDFD100CF0398 /* ImageSlicerTests-Info.plist */,
				D2F1FBD5181BDFD100CF0398 /* InfoPlist.strings */,
			);
			name = "Supporting Files";
			sourceTree = "<group>";
		};
/* End PBXGroup section */

/* Begin PBXNativeTarget section */
		D2F1FBA6181BDFD100CF0398 /* ImageSlicer */ = {
			isa = PBXNativeTarget;
			buildConfigurationList = D2F1FBDC181BDFD100CF0398 /* Build configuration list for PBXNativeTarget "ImageSlicer" */;
			buildPhases = (
				D2F1FBA3181BDFD100CF0398 /* Sources */,
				D2F1FBA4181BDFD100CF0398 /* Frameworks */,
				D2F1FBA5181BDFD100CF0398 /* Resources */,
			);
			buildRules = (
			);
			dependencies = (
			);
			name = ImageSlicer;
			productName = ImageSlicer;
			productReference = D2F1FBA7181BDFD100CF0398 /* ImageSlicer.app */;
			productType = "com.apple.product-type.application";
		};
		D2F1FBCA181BDFD100CF0398 /* ImageSlicerTests */ = {
			isa = PBXNativeTarget;
			buildConfigurationList = D2F1FBDF181BDFD100CF0398 /* Build configuration list for PBXNativeTarget "ImageSlicerTests" */;
			buildPhases = (
				D2F1FBC7181BDFD100CF0398 /* Sources */,
				D2F1FBC8181BDFD100CF0398 /* Frameworks */,
				D2F1FBC9181BDFD100CF0398 /* Resources */,
			);
			buildRules = (
			);
			dependencies = (
				D2F1FBD1181BDFD100CF0398 /* PBXTargetDependency */,
			);
			name = ImageSlicerTests;
			productName = ImageSlicerTests;
			productReference = D2F1FBCB181BDFD100CF0398 /* ImageSlicerTests.xctest */;
			productType = "com.apple.product-type.bundle.unit-test";
		};
/* End PBXNativeTarget section */

/* Begin PBXProject section */
		D2F1FB9F181BDFD100CF0398 /* Project object */ = {
			isa = PBXProject;
			attributes = {
				CLASSPREFIX = IS;
				LastUpgradeCheck = 0500;
				ORGANIZATIONNAME = nxtbgthng;
				TargetAttributes = {
					D2F1FBCA181BDFD100CF0398 = {
						TestTargetID = D2F1FBA6181BDFD100CF0398;
					};
				};
			};
			buildConfigurationList = D2F1FBA2181BDFD100CF0398 /* Build configuration list for PBXProject "ImageSlicer" */;
			compatibilityVersion = "Xcode 3.2";
			developmentRegion = English;
			hasScannedForEncodings = 0;
			knownRegions = (
				en,
				Base,
			);
			mainGroup = D2F1FB9E181BDFD100CF0398;
			productRefGroup = D2F1FBA8181BDFD100CF0398 /* Products */;
			projectDirPath = "";
			projectRoot = "";
			targets = (
				D2F1FBA6181BDFD100CF0398 /* ImageSlicer */,
				D2F1FBCA181BDFD100CF0398 /* ImageSlicerTests */,
			);
		};
/* End PBXProject section */

/* Begin PBXResourcesBuildPhase section */
		D2F1FBA5181BDFD100CF0398 /* Resources */ = {
			isa = PBXResourcesBuildPhase;
			buildActionMask = 2147483647;
			files = (
				D2F1FBC1181BDFD100CF0398 /* Main_iPad.storyboard in Resources */,
				D2F1FBC6181BDFD100CF0398 /* Images.xcassets in Resources */,
				D2F1FBBE181BDFD100CF0398 /* Main_iPhone.storyboard in Resources */,
				D2F1FBB5181BDFD100CF0398 /* InfoPlist.strings in Resources */,
			);
			runOnlyForDeploymentPostprocessing = 0;
		};
		D2F1FBC9181BDFD100CF0398 /* Resources */ = {
			isa = PBXResourcesBuildPhase;
			buildActionMask = 2147483647;
			files = (
				D2F1FBD7181BDFD100CF0398 /* InfoPlist.strings in Resources */,
			);
			runOnlyForDeploymentPostprocessing = 0;
		};
/* End PBXResourcesBuildPhase section */

/* Begin PBXSourcesBuildPhase section */
		D2F1FBA3181BDFD100CF0398 /* Sources */ = {
			isa = PBXSourcesBuildPhase;
			buildActionMask = 2147483647;
			files = (
				D2F1FBBB181BDFD100CF0398 /* ISAppDelegate.m in Sources */,
				D2F1FBB7181BDFD100CF0398 /* main.m in Sources */,
				D2F1FBC4181BDFD100CF0398 /* ISViewController.m in Sources */,
			);
			runOnlyForDeploymentPostprocessing = 0;
		};
		D2F1FBC7181BDFD100CF0398 /* Sources */ = {
			isa = PBXSourcesBuildPhase;
			buildActionMask = 2147483647;
			files = (
				D2F1FBD9181BDFD100CF0398 /* ImageSlicerTests.m in Sources */,
			);
			runOnlyForDeploymentPostprocessing = 0;
		};
/* End PBXSourcesBuildPhase section */

/* Begin PBXTargetDependency section */
		D2F1FBD1181BDFD100CF0398 /* PBXTargetDependency */ = {
			isa = PBXTargetDependency;
			target = D2F1FBA6181BDFD100CF0398 /* ImageSlicer */;
			targetProxy = D2F1FBD0181BDFD100CF0398 /* PBXContainerItemProxy */;
		};
/* End PBXTargetDependency section */

/* Begin PBXVariantGroup section */
		D2F1FBB3181BDFD100CF0398 /* InfoPlist.strings */ = {
			isa = PBXVariantGroup;
			children = (
				D2F1FBB4181BDFD100CF0398 /* en */,
			);
			name = InfoPlist.strings;
			sourceTree = "<group>";
		};
		D2F1FBBC181BDFD100CF0398 /* Main_iPhone.storyboard */ = {
			isa = PBXVariantGroup;
			children = (
				D2F1FBBD181BDFD100CF0398 /* Base */,
			);
			name = Main_iPhone.storyboard;
			sourceTree = "<group>";
		};
		D2F1FBBF181BDFD100CF0398 /* Main_iPad.storyboard */ = {
			isa = PBXVariantGroup;
			children = (
				D2F1FBC0181BDFD100CF0398 /* Base */,
			);
			name = Main_iPad.storyboard;
			sourceTree = "<group>";
		};
		D2F1FBD5181BDFD100CF0398 /* InfoPlist.strings */ = {
			isa = PBXVariantGroup;
			children = (
				D2F1FBD6181BDFD100CF0398 /* en */,
			);
			name = InfoPlist.strings;
			sourceTree = "<group>";
		};
/* End PBXVariantGroup section */

/* Begin XCBuildConfiguration section */
		D2F1FBDA181BDFD100CF0398 /* Debug */ = {
			isa = XCBuildConfiguration;
			buildSettings = {
				ALWAYS_SEARCH_USER_PATHS = NO;
				ARCHS = "$(ARCHS_STANDARD_INCLUDING_64_BIT)";
				CLANG_CXX_LANGUAGE_STANDARD = "gnu++0x";
				CLANG_CXX_LIBRARY = "libc++";
				CLANG_ENABLE_MODULES = YES;
				CLANG_ENABLE_OBJC_ARC = YES;
				CLANG_WARN_BOOL_CONVERSION = YES;
				CLANG_WARN_CONSTANT_CONVERSION = YES;
				CLANG_WARN_DIRECT_OBJC_ISA_USAGE = YES_ERROR;
				CLANG_WARN_EMPTY_BODY = YES;
				CLANG_WARN_ENUM_CONVERSION = YES;
				CLANG_WARN_INT_CONVERSION = YES;
				CLANG_WARN_OBJC_ROOT_CLASS = YES_ERROR;
				CLANG_WARN__DUPLICATE_METHOD_MATCH = YES;
				"CODE_SIGN_IDENTITY[sdk=iphoneos*]" = "iPhone Developer";
				COPY_PHASE_STRIP = NO;
				GCC_C_LANGUAGE_STANDARD = gnu99;
				GCC_DYNAMIC_NO_PIC = NO;
				GCC_OPTIMIZATION_LEVEL = 0;
				GCC_PREPROCESSOR_DEFINITIONS = (
					"DEBUG=1",
					"$(inherited)",
				);
				GCC_SYMBOLS_PRIVATE_EXTERN = NO;
				GCC_WARN_64_TO_32_BIT_CONVERSION = YES;
				GCC_WARN_ABOUT_RETURN_TYPE = YES_ERROR;
				GCC_WARN_UNDECLARED_SELECTOR = YES;
				GCC_WARN_UNINITIALIZED_AUTOS = YES;
				GCC_WARN_UNUSED_FUNCTION = YES;
				GCC_WARN_UNUSED_VARIABLE = YES;
				IPHONEOS_DEPLOYMENT_TARGET = 7.0;
				ONLY_ACTIVE_ARCH = YES;
				SDKROOT = iphoneos;
				TARGETED_DEVICE_FAMILY = "1,2";
			};
			name = Debug;
		};
		D2F1FBDB181BDFD100CF0398 /* Release */ = {
			isa = XCBuildConfiguration;
			buildSettings = {
				ALWAYS_SEARCH_USER_PATHS = NO;
				ARCHS = "$(ARCHS_STANDARD_INCLUDING_64_BIT)";
				CLANG_CXX_LANGUAGE_STANDARD = "gnu++0x";
				CLANG_CXX_LIBRARY = "libc++";
				CLANG_ENABLE_MODULES = YES;
				CLANG_ENABLE_OBJC_ARC = YES;
				CLANG_WARN_BOOL_CONVERSION = YES;
				CLANG_WARN_CONSTANT_CONVERSION = YES;
				CLANG_WARN_DIRECT_OBJC_ISA_USAGE = YES_ERROR;
				CLANG_WARN_EMPTY_BODY = YES;
				CLANG_WARN_ENUM_CONVERSION = YES;
				CLANG_WARN_INT_CONVERSION = YES;
				CLANG_WARN_OBJC_ROOT_CLASS = YES_ERROR;
				CLANG_WARN__DUPLICATE_METHOD_MATCH = YES;
				"CODE_SIGN_IDENTITY[sdk=iphoneos*]" = "iPhone Developer";
				COPY_PHASE_STRIP = YES;
				ENABLE_NS_ASSERTIONS = NO;
				GCC_C_LANGUAGE_STANDARD = gnu99;
				GCC_WARN_64_TO_32_BIT_CONVERSION = YES;
				GCC_WARN_ABOUT_RETURN_TYPE = YES_ERROR;
				GCC_WARN_UNDECLARED_SELECTOR = YES;
				GCC_WARN_UNINITIALIZED_AUTOS = YES;
				GCC_WARN_UNUSED_FUNCTION = YES;
				GCC_WARN_UNUSED_VARIABLE = YES;
				IPHONEOS_DEPLOYMENT_TARGET = 7.0;
				SDKROOT = iphoneos;
				TARGETED_DEVICE_FAMILY = "1,2";
				VALIDATE_PRODUCT = YES;
			};
			name = Release;
		};
		D2F1FBDD181BDFD100CF0398 /* Debug */ = {
			isa = XCBuildConfiguration;
			buildSettings = {
				ASSETCATALOG_COMPILER_APPICON_NAME = AppIcon;
				ASSETCATALOG_COMPILER_LAUNCHIMAGE_NAME = LaunchImage;
				GCC_PRECOMPILE_PREFIX_HEADER = YES;
				GCC_PREFIX_HEADER = "ImageSlicer/ImageSlicer-Prefix.pch";
				INFOPLIST_FILE = "ImageSlicer/ImageSlicer-Info.plist";
				PRODUCT_NAME = "$(TARGET_NAME)";
				WRAPPER_EXTENSION = app;
			};
			name = Debug;
		};
		D2F1FBDE181BDFD100CF0398 /* Release */ = {
			isa = XCBuildConfiguration;
			buildSettings = {
				ASSETCATALOG_COMPILER_APPICON_NAME = AppIcon;
				ASSETCATALOG_COMPILER_LAUNCHIMAGE_NAME = LaunchImage;
				GCC_PRECOMPILE_PREFIX_HEADER = YES;
				GCC_PREFIX_HEADER = "ImageSlicer/ImageSlicer-Prefix.pch";
				INFOPLIST_FILE = "ImageSlicer/ImageSlicer-Info.plist";
				PRODUCT_NAME = "$(TARGET_NAME)";
				WRAPPER_EXTENSION = app;
			};
			name = Release;
		};
		D2F1FBE0181BDFD100CF0398 /* Debug */ = {
			isa = XCBuildConfiguration;
			buildSettings = {
				ARCHS = "$(ARCHS_STANDARD_INCLUDING_64_BIT)";
				BUNDLE_LOADER = "$(BUILT_PRODUCTS_DIR)/ImageSlicer.app/ImageSlicer";
				FRAMEWORK_SEARCH_PATHS = (
					"$(SDKROOT)/Developer/Library/Frameworks",
					"$(inherited)",
					"$(DEVELOPER_FRAMEWORKS_DIR)",
				);
				GCC_PRECOMPILE_PREFIX_HEADER = YES;
				GCC_PREFIX_HEADER = "ImageSlicer/ImageSlicer-Prefix.pch";
				GCC_PREPROCESSOR_DEFINITIONS = (
					"DEBUG=1",
					"$(inherited)",
				);
				INFOPLIST_FILE = "ImageSlicerTests/ImageSlicerTests-Info.plist";
				PRODUCT_NAME = "$(TARGET_NAME)";
				TEST_HOST = "$(BUNDLE_LOADER)";
				WRAPPER_EXTENSION = xctest;
			};
			name = Debug;
		};
		D2F1FBE1181BDFD100CF0398 /* Release */ = {
			isa = XCBuildConfiguration;
			buildSettings = {
				ARCHS = "$(ARCHS_STANDARD_INCLUDING_64_BIT)";
				BUNDLE_LOADER = "$(BUILT_PRODUCTS_DIR)/ImageSlicer.app/ImageSlicer";
				FRAMEWORK_SEARCH_PATHS = (
					"$(SDKROOT)/Developer/Library/Frameworks",
					"$(inherited)",
					"$(DEVELOPER_FRAMEWORKS_DIR)",
				);
				GCC_PRECOMPILE_PREFIX_HEADER = YES;
				GCC_PREFIX_HEADER = "ImageSlicer/ImageSlicer-Prefix.pch";
				INFOPLIST_FILE = "ImageSlicerTests/ImageSlicerTests-Info.plist";
				PRODUCT_NAME = "$(TARGET_NAME)";
				TEST_HOST = "$(BUNDLE_LOADER)";
				WRAPPER_EXTENSION = xctest;
			};
			name = Release;
		};
/* End XCBuildConfiguration section */

/* Begin XCConfigurationList section */
		D2F1FBA2181BDFD100CF0398 /* Build configuration list for PBXProject "ImageSlicer" */ = {
			isa = XCConfigurationList;
			buildConfigurations = (
				D2F1FBDA181BDFD100CF0398 /* Debug */,
				D2F1FBDB181BDFD100CF0398 /* Release */,
			);
			defaultConfigurationIsVisible = 0;
			defaultConfigurationName = Release;
		};
		D2F1FBDC181BDFD100CF0398 /* Build configuration list for PBXNativeTarget "ImageSlicer" */ = {
			isa = XCConfigurationList;
			buildConfigurations = (
				D2F1FBDD181BDFD100CF0398 /* Debug */,
				D2F1FBDE181BDFD100CF0398 /* Release */,
			);
			defaultConfigurationIsVisible = 0;
		};
		D2F1FBDF181BDFD100CF0398 /* Build configuration list for PBXNativeTarget "ImageSlicerTests" */ = {
			isa = XCConfigurationList;
			buildConfigurations = (
				D2F1FBE0181BDFD100CF0398 /* Debug */,
				D2F1FBE1181BDFD100CF0398 /* Release */,
			);
			defaultConfigurationIsVisible = 0;
		};
/* End XCConfigurationList section */
	};
	rootObject = D2F1FB9F181BDFD100CF0398 /* Project object */;
}
